{
  "originHash" : "cb5a1e52bc0fbd81cd2a02b68e82113953b69149bb50ca4d122912b1658c741b",
  "pins" : [
    {
      "identity" : "cmark-gfm",
      "kind" : "remoteSourceControl",
      "location" : "https://github.com/brokenhandsio/cmark-gfm.git",
      "state" : {
        "revision" : "e97450a77a40f12b4f88f95891621c3b5d8669de",
        "version" : "2.1.0"
      }
    },
    {
      "identity" : "swift-syntax",
      "kind" : "remoteSourceControl",
      "location" : "https://github.com/apple/swift-syntax.git",
      "state" : {
        "revision" : "303e5c5c36d6a558407d364878df131c3546fad8",
        "version" : "510.0.2"
      }
    }
  ],
  "version" : 3
}
